
Microsoft Visual Studio Solution File, Format Version 12.00
# Visual Studio Version 17
VisualStudioVersion = 17.11.35303.130
MinimumVisualStudioVersion = 10.0.40219.1
Project("{FAE04EC0-301F-11D3-BF4B-00C04F79EFBC}") = "task04", "task04.csproj", "{5DE1806A-00E0-42E1-A8A0-2E905CD11603}"
EndProject
Global
	GlobalSection(SolutionConfigurationPlatforms) = preSolution
		Debug|Any CPU = Debug|Any CPU
		Release|Any CPU = Release|Any CPU
	EndGlobalSection
	GlobalSection(ProjectConfigurationPlatforms) = postSolution
		{5DE1806A-00E0-42E1-A8A0-2E905CD11603}.Debug|Any CPU.ActiveCfg = Debug|Any CPU
		{5DE1806A-00E0-42E1-A8A0-2E905CD11603}.Debug|Any CPU.Build.0 = Debug|Any CPU
		{5DE1806A-00E0-42E1-A8A0-2E905CD11603}.Release|Any CPU.ActiveCfg = Release|Any CPU
		{5DE1806A-00E0-42E1-A8A0-2E905CD11603}.Release|Any CPU.Build.0 = Release|Any CPU
	EndGlobalSection
	GlobalSection(SolutionProperties) = preSolution
		HideSolutionNode = FALSE
	EndGlobalSection
	GlobalSection(ExtensibilityGlobals) = postSolution
		SolutionGuid = {0E51D554-47F6-44B5-81A3-5522B9890ED2}
	EndGlobalSection
EndGlobal
